
Microsoft Visual Studio Solution File, Format Version 12.00
# Visual Studio Version 17
VisualStudioVersion = 17.12.35506.116
MinimumVisualStudioVersion = 10.0.40219.1
Project("{FAE04EC0-301F-11D3-BF4B-00C04F79EFBC}") = "DbStudio", "DbStudio\DbStudio.csproj", "{883F87DE-D0F3-407E-BA44-89FCA2EABB3C}"
EndProject
Project("{FAE04EC0-301F-11D3-BF4B-00C04F79EFBC}") = "DbStudio.Shared", "DbStudio.Shared\DbStudio.Shared.csproj", "{E0791A0F-665A-4670-8D74-9622FCD01643}"
EndProject
Project("{FAE04EC0-301F-11D3-BF4B-00C04F79EFBC}") = "DbStudio.Updater", "DbStudio.Updater\DbStudio.Updater.csproj", "{DD125F8A-9915-45BD-BDC6-747030D7265B}"
EndProject
Global
	GlobalSection(SolutionConfigurationPlatforms) = preSolution
		Debug|Any CPU = Debug|Any CPU
		Release|Any CPU = Release|Any CPU
	EndGlobalSection
	GlobalSection(ProjectConfigurationPlatforms) = postSolution
		{883F87DE-D0F3-407E-BA44-89FCA2EABB3C}.Debug|Any CPU.ActiveCfg = Debug|Any CPU
		{883F87DE-D0F3-407E-BA44-89FCA2EABB3C}.Debug|Any CPU.Build.0 = Debug|Any CPU
		{883F87DE-D0F3-407E-BA44-89FCA2EABB3C}.Release|Any CPU.ActiveCfg = Release|Any CPU
		{883F87DE-D0F3-407E-BA44-89FCA2EABB3C}.Release|Any CPU.Build.0 = Release|Any CPU
		{E0791A0F-665A-4670-8D74-9622FCD01643}.Debug|Any CPU.ActiveCfg = Debug|Any CPU
		{E0791A0F-665A-4670-8D74-9622FCD01643}.Debug|Any CPU.Build.0 = Debug|Any CPU
		{E0791A0F-665A-4670-8D74-9622FCD01643}.Release|Any CPU.ActiveCfg = Release|Any CPU
		{E0791A0F-665A-4670-8D74-9622FCD01643}.Release|Any CPU.Build.0 = Release|Any CPU
		{DD125F8A-9915-45BD-BDC6-747030D7265B}.Debug|Any CPU.ActiveCfg = Debug|Any CPU
		{DD125F8A-9915-45BD-BDC6-747030D7265B}.Debug|Any CPU.Build.0 = Debug|Any CPU
		{DD125F8A-9915-45BD-BDC6-747030D7265B}.Release|Any CPU.ActiveCfg = Release|Any CPU
		{DD125F8A-9915-45BD-BDC6-747030D7265B}.Release|Any CPU.Build.0 = Release|Any CPU
	EndGlobalSection
	GlobalSection(SolutionProperties) = preSolution
		HideSolutionNode = FALSE
	EndGlobalSection
EndGlobal
